// !$*UTF8*$!
{
	archiveVersion = 1;
	classes = {
	};
	objectVersion = 77;
	objects = {

/* Begin PBXBuildFile section */
		CA1E5CB42DBD4CC70019B907 /* FirebaseAnalytics in Frameworks */ = {isa = PBXBuildFile; productRef = CA1E5CB32DBD4CC70019B907 /* FirebaseAnalytics */; };
		CA1E5CB62DBD4CC70019B907 /* FirebaseAnalyticsOnDeviceConversion in Frameworks */ = {isa = PBXBuildFile; productRef = CA1E5CB52DBD4CC70019B907 /* FirebaseAnalyticsOnDeviceConversion */; };
		CA1E5CB82DBD4CC70019B907 /* FirebaseAnalyticsWithoutAdIdSupport in Frameworks */ = {isa = PBXBuildFile; productRef = CA1E5CB72DBD4CC70019B907 /* FirebaseAnalyticsWithoutAdIdSupport */; };
		CA1E5CBA2DBD4CC70019B907 /* FirebaseAppCheck in Frameworks */ = {isa = PBXBuildFile; productRef = CA1E5CB92DBD4CC70019B907 /* FirebaseAppCheck */; };
		CA1E5CBC2DBD4CC70019B907 /* FirebaseAppDistribution-Beta in Frameworks */ = {isa = PBXBuildFile; productRef = CA1E5CBB2DBD4CC70019B907 /* FirebaseAppDistribution-Beta */; };
		CA1E5CBE2DBD4CC70019B907 /* FirebaseAuth in Frameworks */ = {isa = PBXBuildFile; productRef = CA1E5CBD2DBD4CC70019B907 /* FirebaseAuth */; };
		CA1E5CC02DBD4CC70019B907 /* FirebaseAuthCombine-Community in Frameworks */ = {isa = PBXBuildFile; productRef = CA1E5CBF2DBD4CC70019B907 /* FirebaseAuthCombine-Community */; };
		CA1E5CC22DBD4CC70019B907 /* FirebaseCore in Frameworks */ = {isa = PBXBuildFile; productRef = CA1E5CC12DBD4CC70019B907 /* FirebaseCore */; };
		CA1E5CC42DBD4CC70019B907 /* FirebaseCrashlytics in Frameworks */ = {isa = PBXBuildFile; productRef = CA1E5CC32DBD4CC70019B907 /* FirebaseCrashlytics */; };
		CA1E5CC62DBD4CC70019B907 /* FirebaseDatabase in Frameworks */ = {isa = PBXBuildFile; productRef = CA1E5CC52DBD4CC70019B907 /* FirebaseDatabase */; };
		CA1E5CC82DBD4CC70019B907 /* FirebaseDynamicLinks in Frameworks */ = {isa = PBXBuildFile; productRef = CA1E5CC72DBD4CC70019B907 /* FirebaseDynamicLinks */; };
		CA1E5CCA2DBD4CC70019B907 /* FirebaseFirestore in Frameworks */ = {isa = PBXBuildFile; productRef = CA1E5CC92DBD4CC70019B907 /* FirebaseFirestore */; };
		CA1E5CCC2DBD4CC70019B907 /* FirebaseFirestoreCombine-Community in Frameworks */ = {isa = PBXBuildFile; productRef = CA1E5CCB2DBD4CC70019B907 /* FirebaseFirestoreCombine-Community */; };
		CA1E5CCE2DBD4CC70019B907 /* FirebaseFunctions in Frameworks */ = {isa = PBXBuildFile; productRef = CA1E5CCD2DBD4CC70019B907 /* FirebaseFunctions */; };
		CA1E5CD02DBD4CC70019B907 /* FirebaseFunctionsCombine-Community in Frameworks */ = {isa = PBXBuildFile; productRef = CA1E5CCF2DBD4CC70019B907 /* FirebaseFunctionsCombine-Community */; };
		CA1E5CD22DBD4CC70019B907 /* FirebaseInAppMessaging-Beta in Frameworks */ = {isa = PBXBuildFile; productRef = CA1E5CD12DBD4CC70019B907 /* FirebaseInAppMessaging-Beta */; };
		CA1E5CD42DBD4CC70019B907 /* FirebaseInstallations in Frameworks */ = {isa = PBXBuildFile; productRef = CA1E5CD32DBD4CC70019B907 /* FirebaseInstallations */; };
		CA1E5CD62DBD4CC70019B907 /* FirebaseMLModelDownloader in Frameworks */ = {isa = PBXBuildFile; productRef = CA1E5CD52DBD4CC70019B907 /* FirebaseMLModelDownloader */; };
		CA1E5CD82DBD4CC70019B907 /* FirebaseMessaging in Frameworks */ = {isa = PBXBuildFile; productRef = CA1E5CD72DBD4CC70019B907 /* FirebaseMessaging */; };
		CA1E5CDA2DBD4CC70019B907 /* FirebasePerformance in Frameworks */ = {isa = PBXBuildFile; productRef = CA1E5CD92DBD4CC70019B907 /* FirebasePerformance */; };
		CA1E5CDC2DBD4CC70019B907 /* FirebaseRemoteConfig in Frameworks */ = {isa = PBXBuildFile; productRef = CA1E5CDB2DBD4CC70019B907 /* FirebaseRemoteConfig */; };
		CA1E5CDE2DBD4CC70019B907 /* FirebaseStorage in Frameworks */ = {isa = PBXBuildFile; productRef = CA1E5CDD2DBD4CC70019B907 /* FirebaseStorage */; };
		CA1E5CE02DBD4CC70019B907 /* FirebaseStorageCombine-Community in Frameworks */ = {isa = PBXBuildFile; productRef = CA1E5CDF2DBD4CC70019B907 /* FirebaseStorageCombine-Community */; };
		CA1E5CE22DBD4CC70019B907 /* FirebaseVertexAI in Frameworks */ = {isa = PBXBuildFile; productRef = CA1E5CE12DBD4CC70019B907 /* FirebaseVertexAI */; };
		CA1E5CE72DBD4E690019B907 /* GoogleSignIn in Frameworks */ = {isa = PBXBuildFile; productRef = CA1E5CE62DBD4E690019B907 /* GoogleSignIn */; };
		CA1E5CE92DBD4E690019B907 /* GoogleSignInSwift in Frameworks */ = {isa = PBXBuildFile; productRef = CA1E5CE82DBD4E690019B907 /* GoogleSignInSwift */; };
/* End PBXBuildFile section */

/* Begin PBXContainerItemProxy section */
		CA1E5C722DBD04E90019B907 /* PBXContainerItemProxy */ = {
			isa = PBXContainerItemProxy;
			containerPortal = CA1E5C592DBD04E90019B907 /* Project object */;
			proxyType = 1;
			remoteGlobalIDString = CA1E5C602DBD04E90019B907;
			remoteInfo = hackdartmouth;
		};
		CA1E5C7C2DBD04E90019B907 /* PBXContainerItemProxy */ = {
			isa = PBXContainerItemProxy;
			containerPortal = CA1E5C592DBD04E90019B907 /* Project object */;
			proxyType = 1;
			remoteGlobalIDString = CA1E5C602DBD04E90019B907;
			remoteInfo = hackdartmouth;
		};
/* End PBXContainerItemProxy section */

/* Begin PBXFileReference section */
		CA1E5C612DBD04E90019B907 /* hackdartmouth.app */ = {isa = PBXFileReference; explicitFileType = wrapper.application; includeInIndex = 0; path = hackdartmouth.app; sourceTree = BUILT_PRODUCTS_DIR; };
		CA1E5C712DBD04E90019B907 /* hackdartmouthTests.xctest */ = {isa = PBXFileReference; explicitFileType = wrapper.cfbundle; includeInIndex = 0; path = hackdartmouthTests.xctest; sourceTree = BUILT_PRODUCTS_DIR; };
		CA1E5C7B2DBD04E90019B907 /* hackdartmouthUITests.xctest */ = {isa = PBXFileReference; explicitFileType = wrapper.cfbundle; includeInIndex = 0; path = hackdartmouthUITests.xctest; sourceTree = BUILT_PRODUCTS_DIR; };
/* End PBXFileReference section */

/* Begin PBXFileSystemSynchronizedRootGroup section */
		CA1E5C632DBD04E90019B907 /* hackdartmouth */ = {
			isa = PBXFileSystemSynchronizedRootGroup;
			path = hackdartmouth;
			sourceTree = "<group>";
		};
		CA1E5C742DBD04E90019B907 /* hackdartmouthTests */ = {
			isa = PBXFileSystemSynchronizedRootGroup;
			path = hackdartmouthTests;
			sourceTree = "<group>";
		};
		CA1E5C7E2DBD04E90019B907 /* hackdartmouthUITests */ = {
			isa = PBXFileSystemSynchronizedRootGroup;
			path = hackdartmouthUITests;
			sourceTree = "<group>";
		};
/* End PBXFileSystemSynchronizedRootGroup section */

/* Begin PBXFrameworksBuildPhase section */
		CA1E5C5E2DBD04E90019B907 /* Frameworks */ = {
			isa = PBXFrameworksBuildPhase;
			buildActionMask = 2147483647;
			files = (
				CA1E5CCC2DBD4CC70019B907 /* FirebaseFirestoreCombine-Community in Frameworks */,
				CA1E5CE22DBD4CC70019B907 /* FirebaseVertexAI in Frameworks */,
				CA1E5CCE2DBD4CC70019B907 /* FirebaseFunctions in Frameworks */,
				CA1E5CDA2DBD4CC70019B907 /* FirebasePerformance in Frameworks */,
				CA1E5CE02DBD4CC70019B907 /* FirebaseStorageCombine-Community in Frameworks */,
				CA1E5CE92DBD4E690019B907 /* GoogleSignInSwift in Frameworks */,
				CA1E5CDC2DBD4CC70019B907 /* FirebaseRemoteConfig in Frameworks */,
				CA1E5CC62DBD4CC70019B907 /* FirebaseDatabase in Frameworks */,
				CA1E5CC82DBD4CC70019B907 /* FirebaseDynamicLinks in Frameworks */,
				CA1E5CBA2DBD4CC70019B907 /* FirebaseAppCheck in Frameworks */,
				CA1E5CBE2DBD4CC70019B907 /* FirebaseAuth in Frameworks */,
				CA1E5CB42DBD4CC70019B907 /* FirebaseAnalytics in Frameworks */,
				CA1E5CCA2DBD4CC70019B907 /* FirebaseFirestore in Frameworks */,
				CA1E5CD82DBD4CC70019B907 /* FirebaseMessaging in Frameworks */,
				CA1E5CD42DBD4CC70019B907 /* FirebaseInstallations in Frameworks */,
				CA1E5CD02DBD4CC70019B907 /* FirebaseFunctionsCombine-Community in Frameworks */,
				CA1E5CE72DBD4E690019B907 /* GoogleSignIn in Frameworks */,
				CA1E5CBC2DBD4CC70019B907 /* FirebaseAppDistribution-Beta in Frameworks */,
				CA1E5CB82DBD4CC70019B907 /* FirebaseAnalyticsWithoutAdIdSupport in Frameworks */,
				CA1E5CD22DBD4CC70019B907 /* FirebaseInAppMessaging-Beta in Frameworks */,
				CA1E5CC02DBD4CC70019B907 /* FirebaseAuthCombine-Community in Frameworks */,
				CA1E5CC42DBD4CC70019B907 /* FirebaseCrashlytics in Frameworks */,
				CA1E5CD62DBD4CC70019B907 /* FirebaseMLModelDownloader in Frameworks */,
				CA1E5CDE2DBD4CC70019B907 /* FirebaseStorage in Frameworks */,
				CA1E5CC22DBD4CC70019B907 /* FirebaseCore in Frameworks */,
				CA1E5CB62DBD4CC70019B907 /* FirebaseAnalyticsOnDeviceConversion in Frameworks */,
			);
			runOnlyForDeploymentPostprocessing = 0;
		};
		CA1E5C6E2DBD04E90019B907 /* Frameworks */ = {
			isa = PBXFrameworksBuildPhase;
			buildActionMask = 2147483647;
			files = (
			);
			runOnlyForDeploymentPostprocessing = 0;
		};
		CA1E5C782DBD04E90019B907 /* Frameworks */ = {
			isa = PBXFrameworksBuildPhase;
			buildActionMask = 2147483647;
			files = (
			);
			runOnlyForDeploymentPostprocessing = 0;
		};
/* End PBXFrameworksBuildPhase section */

/* Begin PBXGroup section */
		CA1E5C582DBD04E90019B907 = {
			isa = PBXGroup;
			children = (
				CA1E5C632DBD04E90019B907 /* hackdartmouth */,
				CA1E5C742DBD04E90019B907 /* hackdartmouthTests */,
				CA1E5C7E2DBD04E90019B907 /* hackdartmouthUITests */,
				CA1E5C622DBD04E90019B907 /* Products */,
			);
			sourceTree = "<group>";
		};
		CA1E5C622DBD04E90019B907 /* Products */ = {
			isa = PBXGroup;
			children = (
				CA1E5C612DBD04E90019B907 /* hackdartmouth.app */,
				CA1E5C712DBD04E90019B907 /* hackdartmouthTests.xctest */,
				CA1E5C7B2DBD04E90019B907 /* hackdartmouthUITests.xctest */,
			);
			name = Products;
			sourceTree = "<group>";
		};
/* End PBXGroup section */

/* Begin PBXNativeTarget section */
		CA1E5C602DBD04E90019B907 /* hackdartmouth */ = {
			isa = PBXNativeTarget;
			buildConfigurationList = CA1E5C852DBD04E90019B907 /* Build configuration list for PBXNativeTarget "hackdartmouth" */;
			buildPhases = (
				CA1E5C5D2DBD04E90019B907 /* Sources */,
				CA1E5C5E2DBD04E90019B907 /* Frameworks */,
				CA1E5C5F2DBD04E90019B907 /* Resources */,
			);
			buildRules = (
			);
			dependencies = (
			);
			fileSystemSynchronizedGroups = (
				CA1E5C632DBD04E90019B907 /* hackdartmouth */,
			);
			name = hackdartmouth;
			packageProductDependencies = (
				CA1E5CB32DBD4CC70019B907 /* FirebaseAnalytics */,
				CA1E5CB52DBD4CC70019B907 /* FirebaseAnalyticsOnDeviceConversion */,
				CA1E5CB72DBD4CC70019B907 /* FirebaseAnalyticsWithoutAdIdSupport */,
				CA1E5CB92DBD4CC70019B907 /* FirebaseAppCheck */,
				CA1E5CBB2DBD4CC70019B907 /* FirebaseAppDistribution-Beta */,
				CA1E5CBD2DBD4CC70019B907 /* FirebaseAuth */,
				CA1E5CBF2DBD4CC70019B907 /* FirebaseAuthCombine-Community */,
				CA1E5CC12DBD4CC70019B907 /* FirebaseCore */,
				CA1E5CC32DBD4CC70019B907 /* FirebaseCrashlytics */,
				CA1E5CC52DBD4CC70019B907 /* FirebaseDatabase */,
				CA1E5CC72DBD4CC70019B907 /* FirebaseDynamicLinks */,
				CA1E5CC92DBD4CC70019B907 /* FirebaseFirestore */,
				CA1E5CCB2DBD4CC70019B907 /* FirebaseFirestoreCombine-Community */,
				CA1E5CCD2DBD4CC70019B907 /* FirebaseFunctions */,
				CA1E5CCF2DBD4CC70019B907 /* FirebaseFunctionsCombine-Community */,
				CA1E5CD12DBD4CC70019B907 /* FirebaseInAppMessaging-Beta */,
				CA1E5CD32DBD4CC70019B907 /* FirebaseInstallations */,
				CA1E5CD52DBD4CC70019B907 /* FirebaseMLModelDownloader */,
				CA1E5CD72DBD4CC70019B907 /* FirebaseMessaging */,
				CA1E5CD92DBD4CC70019B907 /* FirebasePerformance */,
				CA1E5CDB2DBD4CC70019B907 /* FirebaseRemoteConfig */,
				CA1E5CDD2DBD4CC70019B907 /* FirebaseStorage */,
				CA1E5CDF2DBD4CC70019B907 /* FirebaseStorageCombine-Community */,
				CA1E5CE12DBD4CC70019B907 /* FirebaseVertexAI */,
				CA1E5CE62DBD4E690019B907 /* GoogleSignIn */,
				CA1E5CE82DBD4E690019B907 /* GoogleSignInSwift */,
			);
			productName = hackdartmouth;
			productReference = CA1E5C612DBD04E90019B907 /* hackdartmouth.app */;
			productType = "com.apple.product-type.application";
		};
		CA1E5C702DBD04E90019B907 /* hackdartmouthTests */ = {
			isa = PBXNativeTarget;
			buildConfigurationList = CA1E5C882DBD04E90019B907 /* Build configuration list for PBXNativeTarget "hackdartmouthTests" */;
			buildPhases = (
				CA1E5C6D2DBD04E90019B907 /* Sources */,
				CA1E5C6E2DBD04E90019B907 /* Frameworks */,
				CA1E5C6F2DBD04E90019B907 /* Resources */,
			);
			buildRules = (
			);
			dependencies = (
				CA1E5C732DBD04E90019B907 /* PBXTargetDependency */,
			);
			fileSystemSynchronizedGroups = (
				CA1E5C742DBD04E90019B907 /* hackdartmouthTests */,
			);
			name = hackdartmouthTests;
			packageProductDependencies = (
			);
			productName = hackdartmouthTests;
			productReference = CA1E5C712DBD04E90019B907 /* hackdartmouthTests.xctest */;
			productType = "com.apple.product-type.bundle.unit-test";
		};
		CA1E5C7A2DBD04E90019B907 /* hackdartmouthUITests */ = {
			isa = PBXNativeTarget;
			buildConfigurationList = CA1E5C8B2DBD04E90019B907 /* Build configuration list for PBXNativeTarget "hackdartmouthUITests" */;
			buildPhases = (
				CA1E5C772DBD04E90019B907 /* Sources */,
				CA1E5C782DBD04E90019B907 /* Frameworks */,
				CA1E5C792DBD04E90019B907 /* Resources */,
			);
			buildRules = (
			);
			dependencies = (
				CA1E5C7D2DBD04E90019B907 /* PBXTargetDependency */,
			);
			fileSystemSynchronizedGroups = (
				CA1E5C7E2DBD04E90019B907 /* hackdartmouthUITests */,
			);
			name = hackdartmouthUITests;
			packageProductDependencies = (
			);
			productName = hackdartmouthUITests;
			productReference = CA1E5C7B2DBD04E90019B907 /* hackdartmouthUITests.xctest */;
			productType = "com.apple.product-type.bundle.ui-testing";
		};
/* End PBXNativeTarget section */

/* Begin PBXProject section */
		CA1E5C592DBD04E90019B907 /* Project object */ = {
			isa = PBXProject;
			attributes = {
				BuildIndependentTargetsInParallel = 1;
				LastSwiftUpdateCheck = 1620;
				LastUpgradeCheck = 1620;
				TargetAttributes = {
					CA1E5C602DBD04E90019B907 = {
						CreatedOnToolsVersion = 16.2;
					};
					CA1E5C702DBD04E90019B907 = {
						CreatedOnToolsVersion = 16.2;
						TestTargetID = CA1E5C602DBD04E90019B907;
					};
					CA1E5C7A2DBD04E90019B907 = {
						CreatedOnToolsVersion = 16.2;
						TestTargetID = CA1E5C602DBD04E90019B907;
					};
				};
			};
			buildConfigurationList = CA1E5C5C2DBD04E90019B907 /* Build configuration list for PBXProject "hackdartmouth" */;
			developmentRegion = en;
			hasScannedForEncodings = 0;
			knownRegions = (
				en,
				Base,
			);
			mainGroup = CA1E5C582DBD04E90019B907;
			minimizedProjectReferenceProxies = 1;
			packageReferences = (
				CA1E5CB22DBD4CC70019B907 /* XCRemoteSwiftPackageReference "firebase-ios-sdk" */,
				CA1E5CE52DBD4E690019B907 /* XCRemoteSwiftPackageReference "GoogleSignIn-iOS" */,
			);
			preferredProjectObjectVersion = 77;
			productRefGroup = CA1E5C622DBD04E90019B907 /* Products */;
			projectDirPath = "";
			projectRoot = "";
			targets = (
				CA1E5C602DBD04E90019B907 /* hackdartmouth */,
				CA1E5C702DBD04E90019B907 /* hackdartmouthTests */,
				CA1E5C7A2DBD04E90019B907 /* hackdartmouthUITests */,
			);
		};
/* End PBXProject section */

/* Begin PBXResourcesBuildPhase section */
		CA1E5C5F2DBD04E90019B907 /* Resources */ = {
			isa = PBXResourcesBuildPhase;
			buildActionMask = 2147483647;
			files = (
			);
			runOnlyForDeploymentPostprocessing = 0;
		};
		CA1E5C6F2DBD04E90019B907 /* Resources */ = {
			isa = PBXResourcesBuildPhase;
			buildActionMask = 2147483647;
			files = (
			);
			runOnlyForDeploymentPostprocessing = 0;
		};
		CA1E5C792DBD04E90019B907 /* Resources */ = {
			isa = PBXResourcesBuildPhase;
			buildActionMask = 2147483647;
			files = (
			);
			runOnlyForDeploymentPostprocessing = 0;
		};
/* End PBXResourcesBuildPhase section */

/* Begin PBXSourcesBuildPhase section */
		CA1E5C5D2DBD04E90019B907 /* Sources */ = {
			isa = PBXSourcesBuildPhase;
			buildActionMask = 2147483647;
			files = (
			);
			runOnlyForDeploymentPostprocessing = 0;
		};
		CA1E5C6D2DBD04E90019B907 /* Sources */ = {
			isa = PBXSourcesBuildPhase;
			buildActionMask = 2147483647;
			files = (
			);
			runOnlyForDeploymentPostprocessing = 0;
		};
		CA1E5C772DBD04E90019B907 /* Sources */ = {
			isa = PBXSourcesBuildPhase;
			buildActionMask = 2147483647;
			files = (
			);
			runOnlyForDeploymentPostprocessing = 0;
		};
/* End PBXSourcesBuildPhase section */

/* Begin PBXTargetDependency section */
		CA1E5C732DBD04E90019B907 /* PBXTargetDependency */ = {
			isa = PBXTargetDependency;
			target = CA1E5C602DBD04E90019B907 /* hackdartmouth */;
			targetProxy = CA1E5C722DBD04E90019B907 /* PBXContainerItemProxy */;
		};
		CA1E5C7D2DBD04E90019B907 /* PBXTargetDependency */ = {
			isa = PBXTargetDependency;
			target = CA1E5C602DBD04E90019B907 /* hackdartmouth */;
			targetProxy = CA1E5C7C2DBD04E90019B907 /* PBXContainerItemProxy */;
		};
/* End PBXTargetDependency section */

/* Begin XCBuildConfiguration section */
		CA1E5C832DBD04E90019B907 /* Debug */ = {
			isa = XCBuildConfiguration;
			buildSettings = {
				ALWAYS_SEARCH_USER_PATHS = NO;
				ASSETCATALOG_COMPILER_GENERATE_SWIFT_ASSET_SYMBOL_EXTENSIONS = YES;
				CLANG_ANALYZER_NONNULL = YES;
				CLANG_ANALYZER_NUMBER_OBJECT_CONVERSION = YES_AGGRESSIVE;
				CLANG_CXX_LANGUAGE_STANDARD = "gnu++20";
				CLANG_ENABLE_MODULES = YES;
				CLANG_ENABLE_OBJC_ARC = YES;
				CLANG_ENABLE_OBJC_WEAK = YES;
				CLANG_WARN_BLOCK_CAPTURE_AUTORELEASING = YES;
				CLANG_WARN_BOOL_CONVERSION = YES;
				CLANG_WARN_COMMA = YES;
				CLANG_WARN_CONSTANT_CONVERSION = YES;
				CLANG_WARN_DEPRECATED_OBJC_IMPLEMENTATIONS = YES;
				CLANG_WARN_DIRECT_OBJC_ISA_USAGE = YES_ERROR;
				CLANG_WARN_DOCUMENTATION_COMMENTS = YES;
				CLANG_WARN_EMPTY_BODY = YES;
				CLANG_WARN_ENUM_CONVERSION = YES;
				CLANG_WARN_INFINITE_RECURSION = YES;
				CLANG_WARN_INT_CONVERSION = YES;
				CLANG_WARN_NON_LITERAL_NULL_CONVERSION = YES;
				CLANG_WARN_OBJC_IMPLICIT_RETAIN_SELF = YES;
				CLANG_WARN_OBJC_LITERAL_CONVERSION = YES;
				CLANG_WARN_OBJC_ROOT_CLASS = YES_ERROR;
				CLANG_WARN_QUOTED_INCLUDE_IN_FRAMEWORK_HEADER = YES;
				CLANG_WARN_RANGE_LOOP_ANALYSIS = YES;
				CLANG_WARN_STRICT_PROTOTYPES = YES;
				CLANG_WARN_SUSPICIOUS_MOVE = YES;
				CLANG_WARN_UNGUARDED_AVAILABILITY = YES_AGGRESSIVE;
				CLANG_WARN_UNREACHABLE_CODE = YES;
				CLANG_WARN__DUPLICATE_METHOD_MATCH = YES;
				COPY_PHASE_STRIP = NO;
				DEBUG_INFORMATION_FORMAT = dwarf;
				ENABLE_STRICT_OBJC_MSGSEND = YES;
				ENABLE_TESTABILITY = YES;
				ENABLE_USER_SCRIPT_SANDBOXING = YES;
				GCC_C_LANGUAGE_STANDARD = gnu17;
				GCC_DYNAMIC_NO_PIC = NO;
				GCC_NO_COMMON_BLOCKS = YES;
				GCC_OPTIMIZATION_LEVEL = 0;
				GCC_PREPROCESSOR_DEFINITIONS = (
					"DEBUG=1",
					"$(inherited)",
				);
				GCC_WARN_64_TO_32_BIT_CONVERSION = YES;
				GCC_WARN_ABOUT_RETURN_TYPE = YES_ERROR;
				GCC_WARN_UNDECLARED_SELECTOR = YES;
				GCC_WARN_UNINITIALIZED_AUTOS = YES_AGGRESSIVE;
				GCC_WARN_UNUSED_FUNCTION = YES;
				GCC_WARN_UNUSED_VARIABLE = YES;
				IPHONEOS_DEPLOYMENT_TARGET = 18.2;
				LOCALIZATION_PREFERS_STRING_CATALOGS = YES;
				MTL_ENABLE_DEBUG_INFO = INCLUDE_SOURCE;
				MTL_FAST_MATH = YES;
				ONLY_ACTIVE_ARCH = YES;
				SDKROOT = iphoneos;
				SWIFT_ACTIVE_COMPILATION_CONDITIONS = "DEBUG $(inherited)";
				SWIFT_OPTIMIZATION_LEVEL = "-Onone";
			};
			name = Debug;
		};
		CA1E5C842DBD04E90019B907 /* Release */ = {
			isa = XCBuildConfiguration;
			buildSettings = {
				ALWAYS_SEARCH_USER_PATHS = NO;
				ASSETCATALOG_COMPILER_GENERATE_SWIFT_ASSET_SYMBOL_EXTENSIONS = YES;
				CLANG_ANALYZER_NONNULL = YES;
				CLANG_ANALYZER_NUMBER_OBJECT_CONVERSION = YES_AGGRESSIVE;
				CLANG_CXX_LANGUAGE_STANDARD = "gnu++20";
				CLANG_ENABLE_MODULES = YES;
				CLANG_ENABLE_OBJC_ARC = YES;
				CLANG_ENABLE_OBJC_WEAK = YES;
				CLANG_WARN_BLOCK_CAPTURE_AUTORELEASING = YES;
				CLANG_WARN_BOOL_CONVERSION = YES;
				CLANG_WARN_COMMA = YES;
				CLANG_WARN_CONSTANT_CONVERSION = YES;
				CLANG_WARN_DEPRECATED_OBJC_IMPLEMENTATIONS = YES;
				CLANG_WARN_DIRECT_OBJC_ISA_USAGE = YES_ERROR;
				CLANG_WARN_DOCUMENTATION_COMMENTS = YES;
				CLANG_WARN_EMPTY_BODY = YES;
				CLANG_WARN_ENUM_CONVERSION = YES;
				CLANG_WARN_INFINITE_RECURSION = YES;
				CLANG_WARN_INT_CONVERSION = YES;
				CLANG_WARN_NON_LITERAL_NULL_CONVERSION = YES;
				CLANG_WARN_OBJC_IMPLICIT_RETAIN_SELF = YES;
				CLANG_WARN_OBJC_LITERAL_CONVERSION = YES;
				CLANG_WARN_OBJC_ROOT_CLASS = YES_ERROR;
				CLANG_WARN_QUOTED_INCLUDE_IN_FRAMEWORK_HEADER = YES;
				CLANG_WARN_RANGE_LOOP_ANALYSIS = YES;
				CLANG_WARN_STRICT_PROTOTYPES = YES;
				CLANG_WARN_SUSPICIOUS_MOVE = YES;
				CLANG_WARN_UNGUARDED_AVAILABILITY = YES_AGGRESSIVE;
				CLANG_WARN_UNREACHABLE_CODE = YES;
				CLANG_WARN__DUPLICATE_METHOD_MATCH = YES;
				COPY_PHASE_STRIP = NO;
				DEBUG_INFORMATION_FORMAT = "dwarf-with-dsym";
				ENABLE_NS_ASSERTIONS = NO;
				ENABLE_STRICT_OBJC_MSGSEND = YES;
				ENABLE_USER_SCRIPT_SANDBOXING = YES;
				GCC_C_LANGUAGE_STANDARD = gnu17;
				GCC_NO_COMMON_BLOCKS = YES;
				GCC_WARN_64_TO_32_BIT_CONVERSION = YES;
				GCC_WARN_ABOUT_RETURN_TYPE = YES_ERROR;
				GCC_WARN_UNDECLARED_SELECTOR = YES;
				GCC_WARN_UNINITIALIZED_AUTOS = YES_AGGRESSIVE;
				GCC_WARN_UNUSED_FUNCTION = YES;
				GCC_WARN_UNUSED_VARIABLE = YES;
				IPHONEOS_DEPLOYMENT_TARGET = 18.2;
				LOCALIZATION_PREFERS_STRING_CATALOGS = YES;
				MTL_ENABLE_DEBUG_INFO = NO;
				MTL_FAST_MATH = YES;
				SDKROOT = iphoneos;
				SWIFT_COMPILATION_MODE = wholemodule;
				VALIDATE_PRODUCT = YES;
			};
			name = Release;
		};
		CA1E5C862DBD04E90019B907 /* Debug */ = {
			isa = XCBuildConfiguration;
			buildSettings = {
				ASSETCATALOG_COMPILER_APPICON_NAME = AppIcon;
				ASSETCATALOG_COMPILER_GLOBAL_ACCENT_COLOR_NAME = AccentColor;
				CODE_SIGN_STYLE = Automatic;
				CURRENT_PROJECT_VERSION = 1;
				DEVELOPMENT_ASSET_PATHS = "\"hackdartmouth/Preview Content\"";
				DEVELOPMENT_TEAM = AQHRU9F2MK;
				ENABLE_PREVIEWS = YES;
				GENERATE_INFOPLIST_FILE = YES;
				INFOPLIST_KEY_UIApplicationSceneManifest_Generation = YES;
				INFOPLIST_KEY_UIApplicationSupportsIndirectInputEvents = YES;
				INFOPLIST_KEY_UILaunchScreen_Generation = YES;
				INFOPLIST_KEY_UISupportedInterfaceOrientations_iPad = "UIInterfaceOrientationPortrait UIInterfaceOrientationPortraitUpsideDown UIInterfaceOrientationLandscapeLeft UIInterfaceOrientationLandscapeRight";
				INFOPLIST_KEY_UISupportedInterfaceOrientations_iPhone = "UIInterfaceOrientationPortrait UIInterfaceOrientationLandscapeLeft UIInterfaceOrientationLandscapeRight";
				IPHONEOS_DEPLOYMENT_TARGET = 17.6;
				LD_RUNPATH_SEARCH_PATHS = (
					"$(inherited)",
					"@executable_path/Frameworks",
				);
				MARKETING_VERSION = 1.0;
				PRODUCT_BUNDLE_IDENTIFIER = rimjhim.hackdartmouth;
				PRODUCT_NAME = "$(TARGET_NAME)";
				SWIFT_EMIT_LOC_STRINGS = YES;
				SWIFT_VERSION = 5.0;
				TARGETED_DEVICE_FAMILY = "1,2";
			};
			name = Debug;
		};
		CA1E5C872DBD04E90019B907 /* Release */ = {
			isa = XCBuildConfiguration;
			buildSettings = {
				ASSETCATALOG_COMPILER_APPICON_NAME = AppIcon;
				ASSETCATALOG_COMPILER_GLOBAL_ACCENT_COLOR_NAME = AccentColor;
				CODE_SIGN_STYLE = Automatic;
				CURRENT_PROJECT_VERSION = 1;
				DEVELOPMENT_ASSET_PATHS = "\"hackdartmouth/Preview Content\"";
				DEVELOPMENT_TEAM = AQHRU9F2MK;
				ENABLE_PREVIEWS = YES;
				GENERATE_INFOPLIST_FILE = YES;
				INFOPLIST_KEY_UIApplicationSceneManifest_Generation = YES;
				INFOPLIST_KEY_UIApplicationSupportsIndirectInputEvents = YES;
				INFOPLIST_KEY_UILaunchScreen_Generation = YES;
				INFOPLIST_KEY_UISupportedInterfaceOrientations_iPad = "UIInterfaceOrientationPortrait UIInterfaceOrientationPortraitUpsideDown UIInterfaceOrientationLandscapeLeft UIInterfaceOrientationLandscapeRight";
				INFOPLIST_KEY_UISupportedInterfaceOrientations_iPhone = "UIInterfaceOrientationPortrait UIInterfaceOrientationLandscapeLeft UIInterfaceOrientationLandscapeRight";
				IPHONEOS_DEPLOYMENT_TARGET = 17.6;
				LD_RUNPATH_SEARCH_PATHS = (
					"$(inherited)",
					"@executable_path/Frameworks",
				);
				MARKETING_VERSION = 1.0;
				PRODUCT_BUNDLE_IDENTIFIER = rimjhim.hackdartmouth;
				PRODUCT_NAME = "$(TARGET_NAME)";
				SWIFT_EMIT_LOC_STRINGS = YES;
				SWIFT_VERSION = 5.0;
				TARGETED_DEVICE_FAMILY = "1,2";
			};
			name = Release;
		};
		CA1E5C892DBD04E90019B907 /* Debug */ = {
			isa = XCBuildConfiguration;
			buildSettings = {
				BUNDLE_LOADER = "$(TEST_HOST)";
				CODE_SIGN_STYLE = Automatic;
				CURRENT_PROJECT_VERSION = 1;
				GENERATE_INFOPLIST_FILE = YES;
				IPHONEOS_DEPLOYMENT_TARGET = 17.6;
				MARKETING_VERSION = 1.0;
				PRODUCT_BUNDLE_IDENTIFIER = hackprinceton.hackdartmouthTests;
				PRODUCT_NAME = "$(TARGET_NAME)";
				SWIFT_EMIT_LOC_STRINGS = NO;
				SWIFT_VERSION = 5.0;
				TARGETED_DEVICE_FAMILY = "1,2";
				TEST_HOST = "$(BUILT_PRODUCTS_DIR)/hackdartmouth.app/$(BUNDLE_EXECUTABLE_FOLDER_PATH)/hackdartmouth";
			};
			name = Debug;
		};
		CA1E5C8A2DBD04E90019B907 /* Release */ = {
			isa = XCBuildConfiguration;
			buildSettings = {
				BUNDLE_LOADER = "$(TEST_HOST)";
				CODE_SIGN_STYLE = Automatic;
				CURRENT_PROJECT_VERSION = 1;
				GENERATE_INFOPLIST_FILE = YES;
				IPHONEOS_DEPLOYMENT_TARGET = 17.6;
				MARKETING_VERSION = 1.0;
				PRODUCT_BUNDLE_IDENTIFIER = hackprinceton.hackdartmouthTests;
				PRODUCT_NAME = "$(TARGET_NAME)";
				SWIFT_EMIT_LOC_STRINGS = NO;
				SWIFT_VERSION = 5.0;
				TARGETED_DEVICE_FAMILY = "1,2";
				TEST_HOST = "$(BUILT_PRODUCTS_DIR)/hackdartmouth.app/$(BUNDLE_EXECUTABLE_FOLDER_PATH)/hackdartmouth";
			};
			name = Release;
		};
		CA1E5C8C2DBD04E90019B907 /* Debug */ = {
			isa = XCBuildConfiguration;
			buildSettings = {
				CODE_SIGN_STYLE = Automatic;
				CURRENT_PROJECT_VERSION = 1;
				GENERATE_INFOPLIST_FILE = YES;
				IPHONEOS_DEPLOYMENT_TARGET = 17.6;
				MARKETING_VERSION = 1.0;
				PRODUCT_BUNDLE_IDENTIFIER = hackprinceton.hackdartmouthUITests;
				PRODUCT_NAME = "$(TARGET_NAME)";
				SWIFT_EMIT_LOC_STRINGS = NO;
				SWIFT_VERSION = 5.0;
				TARGETED_DEVICE_FAMILY = "1,2";
				TEST_TARGET_NAME = hackdartmouth;
			};
			name = Debug;
		};
		CA1E5C8D2DBD04E90019B907 /* Release */ = {
			isa = XCBuildConfiguration;
			buildSettings = {
				CODE_SIGN_STYLE = Automatic;
				CURRENT_PROJECT_VERSION = 1;
				GENERATE_INFOPLIST_FILE = YES;
				IPHONEOS_DEPLOYMENT_TARGET = 17.6;
				MARKETING_VERSION = 1.0;
				PRODUCT_BUNDLE_IDENTIFIER = hackprinceton.hackdartmouthUITests;
				PRODUCT_NAME = "$(TARGET_NAME)";
				SWIFT_EMIT_LOC_STRINGS = NO;
				SWIFT_VERSION = 5.0;
				TARGETED_DEVICE_FAMILY = "1,2";
				TEST_TARGET_NAME = hackdartmouth;
			};
			name = Release;
		};
/* End XCBuildConfiguration section */

/* Begin XCConfigurationList section */
		CA1E5C5C2DBD04E90019B907 /* Build configuration list for PBXProject "hackdartmouth" */ = {
			isa = XCConfigurationList;
			buildConfigurations = (
				CA1E5C832DBD04E90019B907 /* Debug */,
				CA1E5C842DBD04E90019B907 /* Release */,
			);
			defaultConfigurationIsVisible = 0;
			defaultConfigurationName = Release;
		};
		CA1E5C852DBD04E90019B907 /* Build configuration list for PBXNativeTarget "hackdartmouth" */ = {
			isa = XCConfigurationList;
			buildConfigurations = (
				CA1E5C862DBD04E90019B907 /* Debug */,
				CA1E5C872DBD04E90019B907 /* Release */,
			);
			defaultConfigurationIsVisible = 0;
			defaultConfigurationName = Release;
		};
		CA1E5C882DBD04E90019B907 /* Build configuration list for PBXNativeTarget "hackdartmouthTests" */ = {
			isa = XCConfigurationList;
			buildConfigurations = (
				CA1E5C892DBD04E90019B907 /* Debug */,
				CA1E5C8A2DBD04E90019B907 /* Release */,
			);
			defaultConfigurationIsVisible = 0;
			defaultConfigurationName = Release;
		};
		CA1E5C8B2DBD04E90019B907 /* Build configuration list for PBXNativeTarget "hackdartmouthUITests" */ = {
			isa = XCConfigurationList;
			buildConfigurations = (
				CA1E5C8C2DBD04E90019B907 /* Debug */,
				CA1E5C8D2DBD04E90019B907 /* Release */,
			);
			defaultConfigurationIsVisible = 0;
			defaultConfigurationName = Release;
		};
/* End XCConfigurationList section */

/* Begin XCRemoteSwiftPackageReference section */
		CA1E5CB22DBD4CC70019B907 /* XCRemoteSwiftPackageReference "firebase-ios-sdk" */ = {
			isa = XCRemoteSwiftPackageReference;
			repositoryURL = "https://github.com/firebase/firebase-ios-sdk";
			requirement = {
				kind = upToNextMajorVersion;
				minimumVersion = 11.12.0;
			};
		};
		CA1E5CE52DBD4E690019B907 /* XCRemoteSwiftPackageReference "GoogleSignIn-iOS" */ = {
			isa = XCRemoteSwiftPackageReference;
			repositoryURL = "https://github.com/google/GoogleSignIn-iOS";
			requirement = {
				kind = upToNextMajorVersion;
				minimumVersion = 8.0.0;
			};
		};
/* End XCRemoteSwiftPackageReference section */

/* Begin XCSwiftPackageProductDependency section */
		CA1E5CB32DBD4CC70019B907 /* FirebaseAnalytics */ = {
			isa = XCSwiftPackageProductDependency;
			package = CA1E5CB22DBD4CC70019B907 /* XCRemoteSwiftPackageReference "firebase-ios-sdk" */;
			productName = FirebaseAnalytics;
		};
		CA1E5CB52DBD4CC70019B907 /* FirebaseAnalyticsOnDeviceConversion */ = {
			isa = XCSwiftPackageProductDependency;
			package = CA1E5CB22DBD4CC70019B907 /* XCRemoteSwiftPackageReference "firebase-ios-sdk" */;
			productName = FirebaseAnalyticsOnDeviceConversion;
		};
		CA1E5CB72DBD4CC70019B907 /* FirebaseAnalyticsWithoutAdIdSupport */ = {
			isa = XCSwiftPackageProductDependency;
			package = CA1E5CB22DBD4CC70019B907 /* XCRemoteSwiftPackageReference "firebase-ios-sdk" */;
			productName = FirebaseAnalyticsWithoutAdIdSupport;
		};
		CA1E5CB92DBD4CC70019B907 /* FirebaseAppCheck */ = {
			isa = XCSwiftPackageProductDependency;
			package = CA1E5CB22DBD4CC70019B907 /* XCRemoteSwiftPackageReference "firebase-ios-sdk" */;
			productName = FirebaseAppCheck;
		};
		CA1E5CBB2DBD4CC70019B907 /* FirebaseAppDistribution-Beta */ = {
			isa = XCSwiftPackageProductDependency;
			package = CA1E5CB22DBD4CC70019B907 /* XCRemoteSwiftPackageReference "firebase-ios-sdk" */;
			productName = "FirebaseAppDistribution-Beta";
		};
		CA1E5CBD2DBD4CC70019B907 /* FirebaseAuth */ = {
			isa = XCSwiftPackageProductDependency;
			package = CA1E5CB22DBD4CC70019B907 /* XCRemoteSwiftPackageReference "firebase-ios-sdk" */;
			productName = FirebaseAuth;
		};
		CA1E5CBF2DBD4CC70019B907 /* FirebaseAuthCombine-Community */ = {
			isa = XCSwiftPackageProductDependency;
			package = CA1E5CB22DBD4CC70019B907 /* XCRemoteSwiftPackageReference "firebase-ios-sdk" */;
			productName = "FirebaseAuthCombine-Community";
		};
		CA1E5CC12DBD4CC70019B907 /* FirebaseCore */ = {
			isa = XCSwiftPackageProductDependency;
			package = CA1E5CB22DBD4CC70019B907 /* XCRemoteSwiftPackageReference "firebase-ios-sdk" */;
			productName = FirebaseCore;
		};
		CA1E5CC32DBD4CC70019B907 /* FirebaseCrashlytics */ = {
			isa = XCSwiftPackageProductDependency;
			package = CA1E5CB22DBD4CC70019B907 /* XCRemoteSwiftPackageReference "firebase-ios-sdk" */;
			productName = FirebaseCrashlytics;
		};
		CA1E5CC52DBD4CC70019B907 /* FirebaseDatabase */ = {
			isa = XCSwiftPackageProductDependency;
			package = CA1E5CB22DBD4CC70019B907 /* XCRemoteSwiftPackageReference "firebase-ios-sdk" */;
			productName = FirebaseDatabase;
		};
		CA1E5CC72DBD4CC70019B907 /* FirebaseDynamicLinks */ = {
			isa = XCSwiftPackageProductDependency;
			package = CA1E5CB22DBD4CC70019B907 /* XCRemoteSwiftPackageReference "firebase-ios-sdk" */;
			productName = FirebaseDynamicLinks;
		};
		CA1E5CC92DBD4CC70019B907 /* FirebaseFirestore */ = {
			isa = XCSwiftPackageProductDependency;
			package = CA1E5CB22DBD4CC70019B907 /* XCRemoteSwiftPackageReference "firebase-ios-sdk" */;
			productName = FirebaseFirestore;
		};
		CA1E5CCB2DBD4CC70019B907 /* FirebaseFirestoreCombine-Community */ = {
			isa = XCSwiftPackageProductDependency;
			package = CA1E5CB22DBD4CC70019B907 /* XCRemoteSwiftPackageReference "firebase-ios-sdk" */;
			productName = "FirebaseFirestoreCombine-Community";
		};
		CA1E5CCD2DBD4CC70019B907 /* FirebaseFunctions */ = {
			isa = XCSwiftPackageProductDependency;
			package = CA1E5CB22DBD4CC70019B907 /* XCRemoteSwiftPackageReference "firebase-ios-sdk" */;
			productName = FirebaseFunctions;
		};
		CA1E5CCF2DBD4CC70019B907 /* FirebaseFunctionsCombine-Community */ = {
			isa = XCSwiftPackageProductDependency;
			package = CA1E5CB22DBD4CC70019B907 /* XCRemoteSwiftPackageReference "firebase-ios-sdk" */;
			productName = "FirebaseFunctionsCombine-Community";
		};
		CA1E5CD12DBD4CC70019B907 /* FirebaseInAppMessaging-Beta */ = {
			isa = XCSwiftPackageProductDependency;
			package = CA1E5CB22DBD4CC70019B907 /* XCRemoteSwiftPackageReference "firebase-ios-sdk" */;
			productName = "FirebaseInAppMessaging-Beta";
		};
		CA1E5CD32DBD4CC70019B907 /* FirebaseInstallations */ = {
			isa = XCSwiftPackageProductDependency;
			package = CA1E5CB22DBD4CC70019B907 /* XCRemoteSwiftPackageReference "firebase-ios-sdk" */;
			productName = FirebaseInstallations;
		};
		CA1E5CD52DBD4CC70019B907 /* FirebaseMLModelDownloader */ = {
			isa = XCSwiftPackageProductDependency;
			package = CA1E5CB22DBD4CC70019B907 /* XCRemoteSwiftPackageReference "firebase-ios-sdk" */;
			productName = FirebaseMLModelDownloader;
		};
		CA1E5CD72DBD4CC70019B907 /* FirebaseMessaging */ = {
			isa = XCSwiftPackageProductDependency;
			package = CA1E5CB22DBD4CC70019B907 /* XCRemoteSwiftPackageReference "firebase-ios-sdk" */;
			productName = FirebaseMessaging;
		};
		CA1E5CD92DBD4CC70019B907 /* FirebasePerformance */ = {
			isa = XCSwiftPackageProductDependency;
			package = CA1E5CB22DBD4CC70019B907 /* XCRemoteSwiftPackageReference "firebase-ios-sdk" */;
			productName = FirebasePerformance;
		};
		CA1E5CDB2DBD4CC70019B907 /* FirebaseRemoteConfig */ = {
			isa = XCSwiftPackageProductDependency;
			package = CA1E5CB22DBD4CC70019B907 /* XCRemoteSwiftPackageReference "firebase-ios-sdk" */;
			productName = FirebaseRemoteConfig;
		};
		CA1E5CDD2DBD4CC70019B907 /* FirebaseStorage */ = {
			isa = XCSwiftPackageProductDependency;
			package = CA1E5CB22DBD4CC70019B907 /* XCRemoteSwiftPackageReference "firebase-ios-sdk" */;
			productName = FirebaseStorage;
		};
		CA1E5CDF2DBD4CC70019B907 /* FirebaseStorageCombine-Community */ = {
			isa = XCSwiftPackageProductDependency;
			package = CA1E5CB22DBD4CC70019B907 /* XCRemoteSwiftPackageReference "firebase-ios-sdk" */;
			productName = "FirebaseStorageCombine-Community";
		};
		CA1E5CE12DBD4CC70019B907 /* FirebaseVertexAI */ = {
			isa = XCSwiftPackageProductDependency;
			package = CA1E5CB22DBD4CC70019B907 /* XCRemoteSwiftPackageReference "firebase-ios-sdk" */;
			productName = FirebaseVertexAI;
		};
		CA1E5CE62DBD4E690019B907 /* GoogleSignIn */ = {
			isa = XCSwiftPackageProductDependency;
			package = CA1E5CE52DBD4E690019B907 /* XCRemoteSwiftPackageReference "GoogleSignIn-iOS" */;
			productName = GoogleSignIn;
		};
		CA1E5CE82DBD4E690019B907 /* GoogleSignInSwift */ = {
			isa = XCSwiftPackageProductDependency;
			package = CA1E5CE52DBD4E690019B907 /* XCRemoteSwiftPackageReference "GoogleSignIn-iOS" */;
			productName = GoogleSignInSwift;
		};
/* End XCSwiftPackageProductDependency section */
	};
	rootObject = CA1E5C592DBD04E90019B907 /* Project object */;
}
